// !$*UTF8*$!
{
	archiveVersion = 1;
	classes = {
	};
	objectVersion = 55;
	objects = {

/* Begin PBXBuildFile section */
		AF591CE228B84AD400A99AA0 /* AppDelegate.swift in Sources */ = {isa = PBXBuildFile; fileRef = AF591CE128B84AD400A99AA0 /* AppDelegate.swift */; };
		AF591CE428B84AD400A99AA0 /* SceneDelegate.swift in Sources */ = {isa = PBXBuildFile; fileRef = AF591CE328B84AD400A99AA0 /* SceneDelegate.swift */; };
		AF591CE628B84AD400A99AA0 /* ViewController.swift in Sources */ = {isa = PBXBuildFile; fileRef = AF591CE528B84AD400A99AA0 /* ViewController.swift */; };
		AF591CE928B84AD400A99AA0 /* Main.storyboard in Resources */ = {isa = PBXBuildFile; fileRef = AF591CE728B84AD400A99AA0 /* Main.storyboard */; };
		AF591CEB28B84AD500A99AA0 /* Assets.xcassets in Resources */ = {isa = PBXBuildFile; fileRef = AF591CEA28B84AD500A99AA0 /* Assets.xcassets */; };
		AF591CEE28B84AD500A99AA0 /* LaunchScreen.storyboard in Resources */ = {isa = PBXBuildFile; fileRef = AF591CEC28B84AD500A99AA0 /* LaunchScreen.storyboard */; };
		AF591CF628B84AF100A99AA0 /* Subject.swift in Sources */ = {isa = PBXBuildFile; fileRef = AF591CF528B84AF100A99AA0 /* Subject.swift */; };
		AF591CF828B84E5400A99AA0 /* SectionCell.swift in Sources */ = {isa = PBXBuildFile; fileRef = AF591CF728B84E5400A99AA0 /* SectionCell.swift */; };
		AF591CFA28B8C34A00A99AA0 /* SubsectionCell.swift in Sources */ = {isa = PBXBuildFile; fileRef = AF591CF928B8C34A00A99AA0 /* SubsectionCell.swift */; };
		AF591CFC28B8C34D00A99AA0 /* ItemCell.swift in Sources */ = {isa = PBXBuildFile; fileRef = AF591CFB28B8C34D00A99AA0 /* ItemCell.swift */; };
/* End PBXBuildFile section */

/* Begin PBXFileReference section */
		AF591CDE28B84AD400A99AA0 /* NestedTableviewEx.app */ = {isa = PBXFileReference; explicitFileType = wrapper.application; includeInIndex = 0; path = NestedTableviewEx.app; sourceTree = BUILT_PRODUCTS_DIR; };
		AF591CE128B84AD400A99AA0 /* AppDelegate.swift */ = {isa = PBXFileReference; lastKnownFileType = sourcecode.swift; path = AppDelegate.swift; sourceTree = "<group>"; };
		AF591CE328B84AD400A99AA0 /* SceneDelegate.swift */ = {isa = PBXFileReference; lastKnownFileType = sourcecode.swift; path = SceneDelegate.swift; sourceTree = "<group>"; };
		AF591CE528B84AD400A99AA0 /* ViewController.swift */ = {isa = PBXFileReference; lastKnownFileType = sourcecode.swift; path = ViewController.swift; sourceTree = "<group>"; };
		AF591CE828B84AD400A99AA0 /* Base */ = {isa = PBXFileReference; lastKnownFileType = file.storyboard; name = Base; path = Base.lproj/Main.storyboard; sourceTree = "<group>"; };
		AF591CEA28B84AD500A99AA0 /* Assets.xcassets */ = {isa = PBXFileReference; lastKnownFileType = folder.assetcatalog; path = Assets.xcassets; sourceTree = "<group>"; };
		AF591CED28B84AD500A99AA0 /* Base */ = {isa = PBXFileReference; lastKnownFileType = file.storyboard; name = Base; path = Base.lproj/LaunchScreen.storyboard; sourceTree = "<group>"; };
		AF591CEF28B84AD500A99AA0 /* Info.plist */ = {isa = PBXFileReference; lastKnownFileType = text.plist.xml; path = Info.plist; sourceTree = "<group>"; };
		AF591CF528B84AF100A99AA0 /* Subject.swift */ = {isa = PBXFileReference; lastKnownFileType = sourcecode.swift; path = Subject.swift; sourceTree = "<group>"; };
		AF591CF728B84E5400A99AA0 /* SectionCell.swift */ = {isa = PBXFileReference; lastKnownFileType = sourcecode.swift; path = SectionCell.swift; sourceTree = "<group>"; };
		AF591CF928B8C34A00A99AA0 /* SubsectionCell.swift */ = {isa = PBXFileReference; lastKnownFileType = sourcecode.swift; path = SubsectionCell.swift; sourceTree = "<group>"; };
		AF591CFB28B8C34D00A99AA0 /* ItemCell.swift */ = {isa = PBXFileReference; lastKnownFileType = sourcecode.swift; path = ItemCell.swift; sourceTree = "<group>"; };
/* End PBXFileReference section */

/* Begin PBXFrameworksBuildPhase section */
		AF591CDB28B84AD400A99AA0 /* Frameworks */ = {
			isa = PBXFrameworksBuildPhase;
			buildActionMask = 2147483647;
			files = (
			);
			runOnlyForDeploymentPostprocessing = 0;
		};
/* End PBXFrameworksBuildPhase section */

/* Begin PBXGroup section */
		AF591CD528B84AD400A99AA0 = {
			isa = PBXGroup;
			children = (
				AF591CE028B84AD400A99AA0 /* NestedTableviewEx */,
				AF591CDF28B84AD400A99AA0 /* Products */,
			);
			sourceTree = "<group>";
		};
		AF591CDF28B84AD400A99AA0 /* Products */ = {
			isa = PBXGroup;
			children = (
				AF591CDE28B84AD400A99AA0 /* NestedTableviewEx.app */,
			);
			name = Products;
			sourceTree = "<group>";
		};
		AF591CE028B84AD400A99AA0 /* NestedTableviewEx */ = {
			isa = PBXGroup;
			children = (
				AF591CE128B84AD400A99AA0 /* AppDelegate.swift */,
				AF591CE328B84AD400A99AA0 /* SceneDelegate.swift */,
				AF591CE528B84AD400A99AA0 /* ViewController.swift */,
				AF591CF728B84E5400A99AA0 /* SectionCell.swift */,
				AF591CF528B84AF100A99AA0 /* Subject.swift */,
				AF591CE728B84AD400A99AA0 /* Main.storyboard */,
				AF591CF928B8C34A00A99AA0 /* SubsectionCell.swift */,
				AF591CFB28B8C34D00A99AA0 /* ItemCell.swift */,
				AF591CEA28B84AD500A99AA0 /* Assets.xcassets */,
				AF591CEC28B84AD500A99AA0 /* LaunchScreen.storyboard */,
				AF591CEF28B84AD500A99AA0 /* Info.plist */,
			);
			path = NestedTableviewEx;
			sourceTree = "<group>";
		};
/* End PBXGroup section */

/* Begin PBXNativeTarget section */
		AF591CDD28B84AD400A99AA0 /* NestedTableviewEx */ = {
			isa = PBXNativeTarget;
			buildConfigurationList = AF591CF228B84AD500A99AA0 /* Build configuration list for PBXNativeTarget "NestedTableviewEx" */;
			buildPhases = (
				AF591CDA28B84AD400A99AA0 /* Sources */,
				AF591CDB28B84AD400A99AA0 /* Frameworks */,
				AF591CDC28B84AD400A99AA0 /* Resources */,
			);
			buildRules = (
			);
			dependencies = (
			);
			name = NestedTableviewEx;
			productName = NestedTableviewEx;
			productReference = AF591CDE28B84AD400A99AA0 /* NestedTableviewEx.app */;
			productType = "com.apple.product-type.application";
		};
/* End PBXNativeTarget section */

/* Begin PBXProject section */
		AF591CD628B84AD400A99AA0 /* Project object */ = {
			isa = PBXProject;
			attributes = {
				BuildIndependentTargetsInParallel = 1;
				LastSwiftUpdateCheck = 1340;
				LastUpgradeCheck = 1340;
				TargetAttributes = {
					AF591CDD28B84AD400A99AA0 = {
						CreatedOnToolsVersion = 13.4.1;
					};
				};
			};
			buildConfigurationList = AF591CD928B84AD400A99AA0 /* Build configuration list for PBXProject "NestedTableviewEx" */;
			compatibilityVersion = "Xcode 13.0";
			developmentRegion = en;
			hasScannedForEncodings = 0;
			knownRegions = (
				en,
				Base,
			);
			mainGroup = AF591CD528B84AD400A99AA0;
			productRefGroup = AF591CDF28B84AD400A99AA0 /* Products */;
			projectDirPath = "";
			projectRoot = "";
			targets = (
				AF591CDD28B84AD400A99AA0 /* NestedTableviewEx */,
			);
		};
/* End PBXProject section */

/* Begin PBXResourcesBuildPhase section */
		AF591CDC28B84AD400A99AA0 /* Resources */ = {
			isa = PBXResourcesBuildPhase;
			buildActionMask = 2147483647;
			files = (
				AF591CEE28B84AD500A99AA0 /* LaunchScreen.storyboard in Resources */,
				AF591CEB28B84AD500A99AA0 /* Assets.xcassets in Resources */,
				AF591CE928B84AD400A99AA0 /* Main.storyboard in Resources */,
			);
			runOnlyForDeploymentPostprocessing = 0;
		};
/* End PBXResourcesBuildPhase section */

/* Begin PBXSourcesBuildPhase section */
		AF591CDA28B84AD400A99AA0 /* Sources */ = {
			isa = PBXSourcesBuildPhase;
			buildActionMask = 2147483647;
			files = (
				AF591CE628B84AD400A99AA0 /* ViewController.swift in Sources */,
				AF591CE228B84AD400A99AA0 /* AppDelegate.swift in Sources */,
				AF591CF628B84AF100A99AA0 /* Subject.swift in Sources */,
				AF591CE428B84AD400A99AA0 /* SceneDelegate.swift in Sources */,
				AF591CFC28B8C34D00A99AA0 /* ItemCell.swift in Sources */,
				AF591CFA28B8C34A00A99AA0 /* SubsectionCell.swift in Sources */,
				AF591CF828B84E5400A99AA0 /* SectionCell.swift in Sources */,
			);
			runOnlyForDeploymentPostprocessing = 0;
		};
/* End PBXSourcesBuildPhase section */

/* Begin PBXVariantGroup section */
		AF591CE728B84AD400A99AA0 /* Main.storyboard */ = {
			isa = PBXVariantGroup;
			children = (
				AF591CE828B84AD400A99AA0 /* Base */,
			);
			name = Main.storyboard;
			sourceTree = "<group>";
		};
		AF591CEC28B84AD500A99AA0 /* LaunchScreen.storyboard */ = {
			isa = PBXVariantGroup;
			children = (
				AF591CED28B84AD500A99AA0 /* Base */,
			);
			name = LaunchScreen.storyboard;
			sourceTree = "<group>";
		};
/* End PBXVariantGroup section */

/* Begin XCBuildConfiguration section */
		AF591CF028B84AD500A99AA0 /* Debug */ = {
			isa = XCBuildConfiguration;
			buildSettings = {
				ALWAYS_SEARCH_USER_PATHS = NO;
				CLANG_ANALYZER_NONNULL = YES;
				CLANG_ANALYZER_NUMBER_OBJECT_CONVERSION = YES_AGGRESSIVE;
				CLANG_CXX_LANGUAGE_STANDARD = "gnu++17";
				CLANG_ENABLE_MODULES = YES;
				CLANG_ENABLE_OBJC_ARC = YES;
				CLANG_ENABLE_OBJC_WEAK = YES;
				CLANG_WARN_BLOCK_CAPTURE_AUTORELEASING = YES;
				CLANG_WARN_BOOL_CONVERSION = YES;
				CLANG_WARN_COMMA = YES;
				CLANG_WARN_CONSTANT_CONVERSION = YES;
				CLANG_WARN_DEPRECATED_OBJC_IMPLEMENTATIONS = YES;
				CLANG_WARN_DIRECT_OBJC_ISA_USAGE = YES_ERROR;
				CLANG_WARN_DOCUMENTATION_COMMENTS = YES;
				CLANG_WARN_EMPTY_BODY = YES;
				CLANG_WARN_ENUM_CONVERSION = YES;
				CLANG_WARN_INFINITE_RECURSION = YES;
				CLANG_WARN_INT_CONVERSION = YES;
				CLANG_WARN_NON_LITERAL_NULL_CONVERSION = YES;
				CLANG_WARN_OBJC_IMPLICIT_RETAIN_SELF = YES;
				CLANG_WARN_OBJC_LITERAL_CONVERSION = YES;
				CLANG_WARN_OBJC_ROOT_CLASS = YES_ERROR;
				CLANG_WARN_QUOTED_INCLUDE_IN_FRAMEWORK_HEADER = YES;
				CLANG_WARN_RANGE_LOOP_ANALYSIS = YES;
				CLANG_WARN_STRICT_PROTOTYPES = YES;
				CLANG_WARN_SUSPICIOUS_MOVE = YES;
				CLANG_WARN_UNGUARDED_AVAILABILITY = YES_AGGRESSIVE;
				CLANG_WARN_UNREACHABLE_CODE = YES;
				CLANG_WARN__DUPLICATE_METHOD_MATCH = YES;
				COPY_PHASE_STRIP = NO;
				DEBUG_INFORMATION_FORMAT = dwarf;
				ENABLE_STRICT_OBJC_MSGSEND = YES;
				ENABLE_TESTABILITY = YES;
				GCC_C_LANGUAGE_STANDARD = gnu11;
				GCC_DYNAMIC_NO_PIC = NO;
				GCC_NO_COMMON_BLOCKS = YES;
				GCC_OPTIMIZATION_LEVEL = 0;
				GCC_PREPROCESSOR_DEFINITIONS = (
					"DEBUG=1",
					"$(inherited)",
				);
				GCC_WARN_64_TO_32_BIT_CONVERSION = YES;
				GCC_WARN_ABOUT_RETURN_TYPE = YES_ERROR;
				GCC_WARN_UNDECLARED_SELECTOR = YES;
				GCC_WARN_UNINITIALIZED_AUTOS = YES_AGGRESSIVE;
				GCC_WARN_UNUSED_FUNCTION = YES;
				GCC_WARN_UNUSED_VARIABLE = YES;
				IPHONEOS_DEPLOYMENT_TARGET = 15.5;
				MTL_ENABLE_DEBUG_INFO = INCLUDE_SOURCE;
				MTL_FAST_MATH = YES;
				ONLY_ACTIVE_ARCH = YES;
				SDKROOT = iphoneos;
				SWIFT_ACTIVE_COMPILATION_CONDITIONS = DEBUG;
				SWIFT_OPTIMIZATION_LEVEL = "-Onone";
			};
			name = Debug;
		};
		AF591CF128B84AD500A99AA0 /* Release */ = {
			isa = XCBuildConfiguration;
			buildSettings = {
				ALWAYS_SEARCH_USER_PATHS = NO;
				CLANG_ANALYZER_NONNULL = YES;
				CLANG_ANALYZER_NUMBER_OBJECT_CONVERSION = YES_AGGRESSIVE;
				CLANG_CXX_LANGUAGE_STANDARD = "gnu++17";
				CLANG_ENABLE_MODULES = YES;
				CLANG_ENABLE_OBJC_ARC = YES;
				CLANG_ENABLE_OBJC_WEAK = YES;
				CLANG_WARN_BLOCK_CAPTURE_AUTORELEASING = YES;
				CLANG_WARN_BOOL_CONVERSION = YES;
				CLANG_WARN_COMMA = YES;
				CLANG_WARN_CONSTANT_CONVERSION = YES;
				CLANG_WARN_DEPRECATED_OBJC_IMPLEMENTATIONS = YES;
				CLANG_WARN_DIRECT_OBJC_ISA_USAGE = YES_ERROR;
				CLANG_WARN_DOCUMENTATION_COMMENTS = YES;
				CLANG_WARN_EMPTY_BODY = YES;
				CLANG_WARN_ENUM_CONVERSION = YES;
				CLANG_WARN_INFINITE_RECURSION = YES;
				CLANG_WARN_INT_CONVERSION = YES;
				CLANG_WARN_NON_LITERAL_NULL_CONVERSION = YES;
				CLANG_WARN_OBJC_IMPLICIT_RETAIN_SELF = YES;
				CLANG_WARN_OBJC_LITERAL_CONVERSION = YES;
				CLANG_WARN_OBJC_ROOT_CLASS = YES_ERROR;
				CLANG_WARN_QUOTED_INCLUDE_IN_FRAMEWORK_HEADER = YES;
				CLANG_WARN_RANGE_LOOP_ANALYSIS = YES;
				CLANG_WARN_STRICT_PROTOTYPES = YES;
				CLANG_WARN_SUSPICIOUS_MOVE = YES;
				CLANG_WARN_UNGUARDED_AVAILABILITY = YES_AGGRESSIVE;
				CLANG_WARN_UNREACHABLE_CODE = YES;
				CLANG_WARN__DUPLICATE_METHOD_MATCH = YES;
				COPY_PHASE_STRIP = NO;
				DEBUG_INFORMATION_FORMAT = "dwarf-with-dsym";
				ENABLE_NS_ASSERTIONS = NO;
				ENABLE_STRICT_OBJC_MSGSEND = YES;
				GCC_C_LANGUAGE_STANDARD = gnu11;
				GCC_NO_COMMON_BLOCKS = YES;
				GCC_WARN_64_TO_32_BIT_CONVERSION = YES;
				GCC_WARN_ABOUT_RETURN_TYPE = YES_ERROR;
				GCC_WARN_UNDECLARED_SELECTOR = YES;
				GCC_WARN_UNINITIALIZED_AUTOS = YES_AGGRESSIVE;
				GCC_WARN_UNUSED_FUNCTION = YES;
				GCC_WARN_UNUSED_VARIABLE = YES;
				IPHONEOS_DEPLOYMENT_TARGET = 15.5;
				MTL_ENABLE_DEBUG_INFO = NO;
				MTL_FAST_MATH = YES;
				SDKROOT = iphoneos;
				SWIFT_COMPILATION_MODE = wholemodule;
				SWIFT_OPTIMIZATION_LEVEL = "-O";
				VALIDATE_PRODUCT = YES;
			};
			name = Release;
		};
		AF591CF328B84AD500A99AA0 /* Debug */ = {
			isa = XCBuildConfiguration;
			buildSettings = {
				ASSETCATALOG_COMPILER_APPICON_NAME = AppIcon;
				ASSETCATALOG_COMPILER_GLOBAL_ACCENT_COLOR_NAME = AccentColor;
				CODE_SIGN_STYLE = Automatic;
				CURRENT_PROJECT_VERSION = 1;
				DEVELOPMENT_TEAM = 5LZNHGFB8C;
				GENERATE_INFOPLIST_FILE = YES;
				INFOPLIST_FILE = NestedTableviewEx/Info.plist;
				INFOPLIST_KEY_UIApplicationSupportsIndirectInputEvents = YES;
				INFOPLIST_KEY_UILaunchStoryboardName = LaunchScreen;
				INFOPLIST_KEY_UIMainStoryboardFile = Main;
				INFOPLIST_KEY_UISupportedInterfaceOrientations_iPad = "UIInterfaceOrientationPortrait UIInterfaceOrientationPortraitUpsideDown UIInterfaceOrientationLandscapeLeft UIInterfaceOrientationLandscapeRight";
				INFOPLIST_KEY_UISupportedInterfaceOrientations_iPhone = "UIInterfaceOrientationPortrait UIInterfaceOrientationLandscapeLeft UIInterfaceOrientationLandscapeRight";
				LD_RUNPATH_SEARCH_PATHS = (
					"$(inherited)",
					"@executable_path/Frameworks",
				);
				MARKETING_VERSION = 1.0;
				PRODUCT_BUNDLE_IDENTIFIER = keenish.NestedTableviewEx;
				PRODUCT_NAME = "$(TARGET_NAME)";
				SWIFT_EMIT_LOC_STRINGS = YES;
				SWIFT_VERSION = 5.0;
				TARGETED_DEVICE_FAMILY = "1,2";
			};
			name = Debug;
		};
		AF591CF428B84AD500A99AA0 /* Release */ = {
			isa = XCBuildConfiguration;
			buildSettings = {
				ASSETCATALOG_COMPILER_APPICON_NAME = AppIcon;
				ASSETCATALOG_COMPILER_GLOBAL_ACCENT_COLOR_NAME = AccentColor;
				CODE_SIGN_STYLE = Automatic;
				CURRENT_PROJECT_VERSION = 1;
				DEVELOPMENT_TEAM = 5LZNHGFB8C;
				GENERATE_INFOPLIST_FILE = YES;
				INFOPLIST_FILE = NestedTableviewEx/Info.plist;
				INFOPLIST_KEY_UIApplicationSupportsIndirectInputEvents = YES;
				INFOPLIST_KEY_UILaunchStoryboardName = LaunchScreen;
				INFOPLIST_KEY_UIMainStoryboardFile = Main;
				INFOPLIST_KEY_UISupportedInterfaceOrientations_iPad = "UIInterfaceOrientationPortrait UIInterfaceOrientationPortraitUpsideDown UIInterfaceOrientationLandscapeLeft UIInterfaceOrientationLandscapeRight";
				INFOPLIST_KEY_UISupportedInterfaceOrientations_iPhone = "UIInterfaceOrientationPortrait UIInterfaceOrientationLandscapeLeft UIInterfaceOrientationLandscapeRight";
				LD_RUNPATH_SEARCH_PATHS = (
					"$(inherited)",
					"@executable_path/Frameworks",
				);
				MARKETING_VERSION = 1.0;
				PRODUCT_BUNDLE_IDENTIFIER = keenish.NestedTableviewEx;
				PRODUCT_NAME = "$(TARGET_NAME)";
				SWIFT_EMIT_LOC_STRINGS = YES;
				SWIFT_VERSION = 5.0;
				TARGETED_DEVICE_FAMILY = "1,2";
			};
			name = Release;
		};
/* End XCBuildConfiguration section */

/* Begin XCConfigurationList section */
		AF591CD928B84AD400A99AA0 /* Build configuration list for PBXProject "NestedTableviewEx" */ = {
			isa = XCConfigurationList;
			buildConfigurations = (
				AF591CF028B84AD500A99AA0 /* Debug */,
				AF591CF128B84AD500A99AA0 /* Release */,
			);
			defaultConfigurationIsVisible = 0;
			defaultConfigurationName = Release;
		};
		AF591CF228B84AD500A99AA0 /* Build configuration list for PBXNativeTarget "NestedTableviewEx" */ = {
			isa = XCConfigurationList;
			buildConfigurations = (
				AF591CF328B84AD500A99AA0 /* Debug */,
				AF591CF428B84AD500A99AA0 /* Release */,
			);
			defaultConfigurationIsVisible = 0;
			defaultConfigurationName = Release;
		};
/* End XCConfigurationList section */
	};
	rootObject = AF591CD628B84AD400A99AA0 /* Project object */;
}
